
Microsoft Visual Studio Solution File, Format Version 12.00
# Visual Studio Version 17
VisualStudioVersion = 17.9.34728.123
MinimumVisualStudioVersion = 10.0.40219.1
Project("{FAE04EC0-301F-11D3-BF4B-00C04F79EFBC}") = "WatermelonShop", "WatermelonShop.csproj", "{B598174E-6D79-4207-B1C8-B67FFF5A0E90}"
EndProject
Global
	GlobalSection(SolutionConfigurationPlatforms) = preSolution
		Debug|Any CPU = Debug|Any CPU
		Release|Any CPU = Release|Any CPU
	EndGlobalSection
	GlobalSection(ProjectConfigurationPlatforms) = postSolution
		{B598174E-6D79-4207-B1C8-B67FFF5A0E90}.Debug|Any CPU.ActiveCfg = Debug|Any CPU
		{B598174E-6D79-4207-B1C8-B67FFF5A0E90}.Debug|Any CPU.Build.0 = Debug|Any CPU
		{B598174E-6D79-4207-B1C8-B67FFF5A0E90}.Release|Any CPU.ActiveCfg = Release|Any CPU
		{B598174E-6D79-4207-B1C8-B67FFF5A0E90}.Release|Any CPU.Build.0 = Release|Any CPU
	EndGlobalSection
	GlobalSection(SolutionProperties) = preSolution
		HideSolutionNode = FALSE
	EndGlobalSection
	GlobalSection(ExtensibilityGlobals) = postSolution
		SolutionGuid = {0BE51358-1EAB-4202-93A1-7C1CDA95CE36}
	EndGlobalSection
EndGlobal
